
Microsoft Visual Studio Solution File, Format Version 12.00
# Visual Studio Version 17
VisualStudioVersion = 17.14.37111.16 d17.14
MinimumVisualStudioVersion = 10.0.40219.1
Project("{FAE04EC0-301F-11D3-BF4B-00C04F79EFBC}") = "DiamonApp", "DiamonApp\DiamonApp.csproj", "{2F752795-3B59-44E4-A07E-F6CE7C4001A7}"
EndProject
Global
	GlobalSection(SolutionConfigurationPlatforms) = preSolution
		Debug|Any CPU = Debug|Any CPU
		Release|Any CPU = Release|Any CPU
	EndGlobalSection
	GlobalSection(ProjectConfigurationPlatforms) = postSolution
		{2F752795-3B59-44E4-A07E-F6CE7C4001A7}.Debug|Any CPU.ActiveCfg = Debug|Any CPU
		{2F752795-3B59-44E4-A07E-F6CE7C4001A7}.Debug|Any CPU.Build.0 = Debug|Any CPU
		{2F752795-3B59-44E4-A07E-F6CE7C4001A7}.Release|Any CPU.ActiveCfg = Release|Any CPU
		{2F752795-3B59-44E4-A07E-F6CE7C4001A7}.Release|Any CPU.Build.0 = Release|Any CPU
	EndGlobalSection
	GlobalSection(SolutionProperties) = preSolution
		HideSolutionNode = FALSE
	EndGlobalSection
	GlobalSection(ExtensibilityGlobals) = postSolution
		SolutionGuid = {5E98ACC0-5DB3-4F49-B303-E42E1D3433D6}
	EndGlobalSection
EndGlobal
